
Microsoft Visual Studio Solution File, Format Version 12.00
# Visual Studio Version 17
VisualStudioVersion = 17.14.36203.30
MinimumVisualStudioVersion = 10.0.40219.1
Project("{8BC9CEB8-8B4A-11D0-8D11-00A0C91BC942}") = "Memory_Detector", "Memory_Detector\Memory_Detector.vcxproj", "{30F8ABB5-75AE-466D-8FCC-D8AA8D91DBF4}"
	ProjectSection(ProjectDependencies) = postProject
		{48C4B2BC-ABB9-4389-8F3E-082789A08D39} = {48C4B2BC-ABB9-4389-8F3E-082789A08D39}
	EndProjectSection
EndProject
Project("{8BC9CEB8-8B4A-11D0-8D11-00A0C91BC942}") = "Tetris", "S-develop_CLI_Tetris\Tetris.vcxproj", "{48C4B2BC-ABB9-4389-8F3E-082789A08D39}"
EndProject
Global
	GlobalSection(SolutionConfigurationPlatforms) = preSolution
		Debug|x64 = Debug|x64
		Debug|x86 = Debug|x86
		DebugMT|x64 = DebugMT|x64
		DebugMT|x86 = DebugMT|x86
		Release|x64 = Release|x64
		Release|x86 = Release|x86
		ReleaseMT|x64 = ReleaseMT|x64
		ReleaseMT|x86 = ReleaseMT|x86
	EndGlobalSection
	GlobalSection(ProjectConfigurationPlatforms) = postSolution
		{30F8ABB5-75AE-466D-8FCC-D8AA8D91DBF4}.Debug|x64.ActiveCfg = Debug|x64
		{30F8ABB5-75AE-466D-8FCC-D8AA8D91DBF4}.Debug|x64.Build.0 = Debug|x64
		{30F8ABB5-75AE-466D-8FCC-D8AA8D91DBF4}.Debug|x86.ActiveCfg = Debug|Win32
		{30F8ABB5-75AE-466D-8FCC-D8AA8D91DBF4}.Debug|x86.Build.0 = Debug|Win32
		{30F8ABB5-75AE-466D-8FCC-D8AA8D91DBF4}.DebugMT|x64.ActiveCfg = DebugMT|x64
		{30F8ABB5-75AE-466D-8FCC-D8AA8D91DBF4}.DebugMT|x64.Build.0 = DebugMT|x64
		{30F8ABB5-75AE-466D-8FCC-D8AA8D91DBF4}.DebugMT|x86.ActiveCfg = DebugMT|Win32
		{30F8ABB5-75AE-466D-8FCC-D8AA8D91DBF4}.DebugMT|x86.Build.0 = DebugMT|Win32
		{30F8ABB5-75AE-466D-8FCC-D8AA8D91DBF4}.Release|x64.ActiveCfg = Release|x64
		{30F8ABB5-75AE-466D-8FCC-D8AA8D91DBF4}.Release|x64.Build.0 = Release|x64
		{30F8ABB5-75AE-466D-8FCC-D8AA8D91DBF4}.Release|x86.ActiveCfg = Release|Win32
		{30F8ABB5-75AE-466D-8FCC-D8AA8D91DBF4}.Release|x86.Build.0 = Release|Win32
		{30F8ABB5-75AE-466D-8FCC-D8AA8D91DBF4}.ReleaseMT|x64.ActiveCfg = ReleaseMT|x64
		{30F8ABB5-75AE-466D-8FCC-D8AA8D91DBF4}.ReleaseMT|x64.Build.0 = ReleaseMT|x64
		{30F8ABB5-75AE-466D-8FCC-D8AA8D91DBF4}.ReleaseMT|x86.ActiveCfg = ReleaseMT|Win32
		{30F8ABB5-75AE-466D-8FCC-D8AA8D91DBF4}.ReleaseMT|x86.Build.0 = ReleaseMT|Win32
		{48C4B2BC-ABB9-4389-8F3E-082789A08D39}.Debug|x64.ActiveCfg = Debug|x64
		{48C4B2BC-ABB9-4389-8F3E-082789A08D39}.Debug|x64.Build.0 = Debug|x64
		{48C4B2BC-ABB9-4389-8F3E-082789A08D39}.Debug|x86.ActiveCfg = Debug|Win32
		{48C4B2BC-ABB9-4389-8F3E-082789A08D39}.Debug|x86.Build.0 = Debug|Win32
		{48C4B2BC-ABB9-4389-8F3E-082789A08D39}.DebugMT|x64.ActiveCfg = DebugMT|x64
		{48C4B2BC-ABB9-4389-8F3E-082789A08D39}.DebugMT|x64.Build.0 = DebugMT|x64
		{48C4B2BC-ABB9-4389-8F3E-082789A08D39}.DebugMT|x86.ActiveCfg = Debug|Win32
		{48C4B2BC-ABB9-4389-8F3E-082789A08D39}.DebugMT|x86.Build.0 = Debug|Win32
		{48C4B2BC-ABB9-4389-8F3E-082789A08D39}.Release|x64.ActiveCfg = Release|x64
		{48C4B2BC-ABB9-4389-8F3E-082789A08D39}.Release|x64.Build.0 = Release|x64
		{48C4B2BC-ABB9-4389-8F3E-082789A08D39}.Release|x86.ActiveCfg = Release|Win32
		{48C4B2BC-ABB9-4389-8F3E-082789A08D39}.Release|x86.Build.0 = Release|Win32
		{48C4B2BC-ABB9-4389-8F3E-082789A08D39}.ReleaseMT|x64.ActiveCfg = ReleaseMT|x64
		{48C4B2BC-ABB9-4389-8F3E-082789A08D39}.ReleaseMT|x64.Build.0 = ReleaseMT|x64
		{48C4B2BC-ABB9-4389-8F3E-082789A08D39}.ReleaseMT|x86.ActiveCfg = Release|Win32
		{48C4B2BC-ABB9-4389-8F3E-082789A08D39}.ReleaseMT|x86.Build.0 = Release|Win32
	EndGlobalSection
	GlobalSection(SolutionProperties) = preSolution
		HideSolutionNode = FALSE
	EndGlobalSection
	GlobalSection(ExtensibilityGlobals) = postSolution
		SolutionGuid = {1B63422D-AFD4-4F1B-B10C-BEA1D9CAA584}
	EndGlobalSection
EndGlobal
